
Microsoft Visual Studio Solution File, Format Version 12.00
# Visual Studio Version 16
VisualStudioVersion = 16.0.31005.135
MinimumVisualStudioVersion = 10.0.40219.1
Project("{9A19103F-16F7-4668-BE54-9A1E7A4F7556}") = "VendingMachine", "VendingMachine\VendingMachine.csproj", "{C6DC26C6-8C50-4FA7-BC2E-D192F8608364}"
EndProject
Project("{FAE04EC0-301F-11D3-BF4B-00C04F79EFBC}") = "VendingMachineTests1", "VendingMachineTests1\VendingMachineTests1.csproj", "{EB757B4F-A895-48EA-A647-FB6400527410}"
EndProject
Global
	GlobalSection(SolutionConfigurationPlatforms) = preSolution
		Debug|Any CPU = Debug|Any CPU
		Release|Any CPU = Release|Any CPU
	EndGlobalSection
	GlobalSection(ProjectConfigurationPlatforms) = postSolution
		{C6DC26C6-8C50-4FA7-BC2E-D192F8608364}.Debug|Any CPU.ActiveCfg = Debug|Any CPU
		{C6DC26C6-8C50-4FA7-BC2E-D192F8608364}.Debug|Any CPU.Build.0 = Debug|Any CPU
		{C6DC26C6-8C50-4FA7-BC2E-D192F8608364}.Release|Any CPU.ActiveCfg = Release|Any CPU
		{C6DC26C6-8C50-4FA7-BC2E-D192F8608364}.Release|Any CPU.Build.0 = Release|Any CPU
		{EB757B4F-A895-48EA-A647-FB6400527410}.Debug|Any CPU.ActiveCfg = Debug|Any CPU
		{EB757B4F-A895-48EA-A647-FB6400527410}.Debug|Any CPU.Build.0 = Debug|Any CPU
		{EB757B4F-A895-48EA-A647-FB6400527410}.Release|Any CPU.ActiveCfg = Release|Any CPU
		{EB757B4F-A895-48EA-A647-FB6400527410}.Release|Any CPU.Build.0 = Release|Any CPU
	EndGlobalSection
	GlobalSection(SolutionProperties) = preSolution
		HideSolutionNode = FALSE
	EndGlobalSection
	GlobalSection(ExtensibilityGlobals) = postSolution
		SolutionGuid = {62FCF06F-CEBF-4BCC-A637-AABF9DA82467}
	EndGlobalSection
EndGlobal
